
Microsoft Visual Studio Solution File, Format Version 12.00
# Visual Studio Version 17
VisualStudioVersion = 17.8.34322.80
MinimumVisualStudioVersion = 10.0.40219.1
Project("{FAE04EC0-301F-11D3-BF4B-00C04F79EFBC}") = "Task.CSharpBase", "Task.CSharpBase\Task.CSharpBase.csproj", "{E7470F9E-10A5-44BF-9775-4D51D59B8DB4}"
EndProject
Project("{FAE04EC0-301F-11D3-BF4B-00C04F79EFBC}") = "Task1", "Task1\Task1.csproj", "{96C3D76C-5459-4E94-A469-C2356EBB9298}"
EndProject
Project("{FAE04EC0-301F-11D3-BF4B-00C04F79EFBC}") = "Task2", "Task2\Task2.csproj", "{D89938F7-5C91-4876-B6E2-E027DC98064A}"
EndProject
Project("{FAE04EC0-301F-11D3-BF4B-00C04F79EFBC}") = "Task3", "Task3\Task3.csproj", "{7B102A42-BB90-41BB-B6AF-757CDF14BD05}"
EndProject
Project("{FAE04EC0-301F-11D3-BF4B-00C04F79EFBC}") = "Task4", "Task4\Task4.csproj", "{66EAC0A0-545B-47EE-BD8E-DCFD57CE1BFD}"
EndProject
Project("{FAE04EC0-301F-11D3-BF4B-00C04F79EFBC}") = "Task5", "Task5\Task5.csproj", "{E1FD2AE0-5ACF-4512-9C40-17EB5E1300B8}"
EndProject
Project("{FAE04EC0-301F-11D3-BF4B-00C04F79EFBC}") = "Task6", "Task6\Task6.csproj", "{6A608821-8B86-4A52-9AC8-C98DC5A1E21E}"
EndProject
Project("{FAE04EC0-301F-11D3-BF4B-00C04F79EFBC}") = "Task2.1", "Task2.1\Task2.1.csproj", "{4EC72CF9-2E3C-4CED-A1FD-A44E2321FDFB}"
EndProject
Project("{FAE04EC0-301F-11D3-BF4B-00C04F79EFBC}") = "Task2.2", "Task2.2\Task2.2.csproj", "{E0490EDB-7E8F-4010-B6FE-96B0764DB12B}"
EndProject
Project("{FAE04EC0-301F-11D3-BF4B-00C04F79EFBC}") = "Task2.4", "Task2.4\Task2.4.csproj", "{6FE2BDD3-E1E9-4FA7-8818-4451919FD559}"
EndProject
Project("{FAE04EC0-301F-11D3-BF4B-00C04F79EFBC}") = "Task2.5", "Task2.5\Task2.5.csproj", "{7F066E85-CC76-46DC-A04D-6E6856AA0DF3}"
EndProject
Project("{FAE04EC0-301F-11D3-BF4B-00C04F79EFBC}") = "Task2.6", "Task2.6\Task2.6.csproj", "{BCEC193F-F5E8-4378-B131-36E1824EED24}"
EndProject
Project("{FAE04EC0-301F-11D3-BF4B-00C04F79EFBC}") = "Task2.7", "Task2.7\Task2.7.csproj", "{EDC74DEA-F7A4-427A-A3AE-C60B0D724B7B}"
EndProject
Project("{FAE04EC0-301F-11D3-BF4B-00C04F79EFBC}") = "Task 2.3", "Task 2.3\Task 2.3.csproj", "{E5A537D8-A8B9-4A65-9695-91FCC1F3438D}"
EndProject
Project("{FAE04EC0-301F-11D3-BF4B-00C04F79EFBC}") = "Task 2.8", "Task 2.8\Task 2.8.csproj", "{6DF46A55-442C-41BA-8737-76EF6D9E6555}"
EndProject
Project("{FAE04EC0-301F-11D3-BF4B-00C04F79EFBC}") = "Task 2.9", "Task 2.9\Task 2.9.csproj", "{9118DAE5-B782-4BEE-8DA2-E09288A7D42F}"
EndProject
Global
	GlobalSection(SolutionConfigurationPlatforms) = preSolution
		Debug|Any CPU = Debug|Any CPU
		Release|Any CPU = Release|Any CPU
	EndGlobalSection
	GlobalSection(ProjectConfigurationPlatforms) = postSolution
		{E7470F9E-10A5-44BF-9775-4D51D59B8DB4}.Debug|Any CPU.ActiveCfg = Debug|Any CPU
		{E7470F9E-10A5-44BF-9775-4D51D59B8DB4}.Debug|Any CPU.Build.0 = Debug|Any CPU
		{E7470F9E-10A5-44BF-9775-4D51D59B8DB4}.Release|Any CPU.ActiveCfg = Release|Any CPU
		{E7470F9E-10A5-44BF-9775-4D51D59B8DB4}.Release|Any CPU.Build.0 = Release|Any CPU
		{96C3D76C-5459-4E94-A469-C2356EBB9298}.Debug|Any CPU.ActiveCfg = Debug|Any CPU
		{96C3D76C-5459-4E94-A469-C2356EBB9298}.Debug|Any CPU.Build.0 = Debug|Any CPU
		{96C3D76C-5459-4E94-A469-C2356EBB9298}.Release|Any CPU.ActiveCfg = Release|Any CPU
		{96C3D76C-5459-4E94-A469-C2356EBB9298}.Release|Any CPU.Build.0 = Release|Any CPU
		{D89938F7-5C91-4876-B6E2-E027DC98064A}.Debug|Any CPU.ActiveCfg = Debug|Any CPU
		{D89938F7-5C91-4876-B6E2-E027DC98064A}.Debug|Any CPU.Build.0 = Debug|Any CPU
		{D89938F7-5C91-4876-B6E2-E027DC98064A}.Release|Any CPU.ActiveCfg = Release|Any CPU
		{D89938F7-5C91-4876-B6E2-E027DC98064A}.Release|Any CPU.Build.0 = Release|Any CPU
		{7B102A42-BB90-41BB-B6AF-757CDF14BD05}.Debug|Any CPU.ActiveCfg = Debug|Any CPU
		{7B102A42-BB90-41BB-B6AF-757CDF14BD05}.Debug|Any CPU.Build.0 = Debug|Any CPU
		{7B102A42-BB90-41BB-B6AF-757CDF14BD05}.Release|Any CPU.ActiveCfg = Release|Any CPU
		{7B102A42-BB90-41BB-B6AF-757CDF14BD05}.Release|Any CPU.Build.0 = Release|Any CPU
		{66EAC0A0-545B-47EE-BD8E-DCFD57CE1BFD}.Debug|Any CPU.ActiveCfg = Debug|Any CPU
		{66EAC0A0-545B-47EE-BD8E-DCFD57CE1BFD}.Debug|Any CPU.Build.0 = Debug|Any CPU
		{66EAC0A0-545B-47EE-BD8E-DCFD57CE1BFD}.Release|Any CPU.ActiveCfg = Release|Any CPU
		{66EAC0A0-545B-47EE-BD8E-DCFD57CE1BFD}.Release|Any CPU.Build.0 = Release|Any CPU
		{E1FD2AE0-5ACF-4512-9C40-17EB5E1300B8}.Debug|Any CPU.ActiveCfg = Debug|Any CPU
		{E1FD2AE0-5ACF-4512-9C40-17EB5E1300B8}.Debug|Any CPU.Build.0 = Debug|Any CPU
		{E1FD2AE0-5ACF-4512-9C40-17EB5E1300B8}.Release|Any CPU.ActiveCfg = Release|Any CPU
		{E1FD2AE0-5ACF-4512-9C40-17EB5E1300B8}.Release|Any CPU.Build.0 = Release|Any CPU
		{6A608821-8B86-4A52-9AC8-C98DC5A1E21E}.Debug|Any CPU.ActiveCfg = Debug|Any CPU
		{6A608821-8B86-4A52-9AC8-C98DC5A1E21E}.Debug|Any CPU.Build.0 = Debug|Any CPU
		{6A608821-8B86-4A52-9AC8-C98DC5A1E21E}.Release|Any CPU.ActiveCfg = Release|Any CPU
		{6A608821-8B86-4A52-9AC8-C98DC5A1E21E}.Release|Any CPU.Build.0 = Release|Any CPU
		{4EC72CF9-2E3C-4CED-A1FD-A44E2321FDFB}.Debug|Any CPU.ActiveCfg = Debug|Any CPU
		{4EC72CF9-2E3C-4CED-A1FD-A44E2321FDFB}.Debug|Any CPU.Build.0 = Debug|Any CPU
		{4EC72CF9-2E3C-4CED-A1FD-A44E2321FDFB}.Release|Any CPU.ActiveCfg = Release|Any CPU
		{4EC72CF9-2E3C-4CED-A1FD-A44E2321FDFB}.Release|Any CPU.Build.0 = Release|Any CPU
		{E0490EDB-7E8F-4010-B6FE-96B0764DB12B}.Debug|Any CPU.ActiveCfg = Debug|Any CPU
		{E0490EDB-7E8F-4010-B6FE-96B0764DB12B}.Debug|Any CPU.Build.0 = Debug|Any CPU
		{E0490EDB-7E8F-4010-B6FE-96B0764DB12B}.Release|Any CPU.ActiveCfg = Release|Any CPU
		{E0490EDB-7E8F-4010-B6FE-96B0764DB12B}.Release|Any CPU.Build.0 = Release|Any CPU
		{6FE2BDD3-E1E9-4FA7-8818-4451919FD559}.Debug|Any CPU.ActiveCfg = Debug|Any CPU
		{6FE2BDD3-E1E9-4FA7-8818-4451919FD559}.Debug|Any CPU.Build.0 = Debug|Any CPU
		{6FE2BDD3-E1E9-4FA7-8818-4451919FD559}.Release|Any CPU.ActiveCfg = Release|Any CPU
		{6FE2BDD3-E1E9-4FA7-8818-4451919FD559}.Release|Any CPU.Build.0 = Release|Any CPU
		{7F066E85-CC76-46DC-A04D-6E6856AA0DF3}.Debug|Any CPU.ActiveCfg = Debug|Any CPU
		{7F066E85-CC76-46DC-A04D-6E6856AA0DF3}.Debug|Any CPU.Build.0 = Debug|Any CPU
		{7F066E85-CC76-46DC-A04D-6E6856AA0DF3}.Release|Any CPU.ActiveCfg = Release|Any CPU
		{7F066E85-CC76-46DC-A04D-6E6856AA0DF3}.Release|Any CPU.Build.0 = Release|Any CPU
		{BCEC193F-F5E8-4378-B131-36E1824EED24}.Debug|Any CPU.ActiveCfg = Debug|Any CPU
		{BCEC193F-F5E8-4378-B131-36E1824EED24}.Debug|Any CPU.Build.0 = Debug|Any CPU
		{BCEC193F-F5E8-4378-B131-36E1824EED24}.Release|Any CPU.ActiveCfg = Release|Any CPU
		{BCEC193F-F5E8-4378-B131-36E1824EED24}.Release|Any CPU.Build.0 = Release|Any CPU
		{EDC74DEA-F7A4-427A-A3AE-C60B0D724B7B}.Debug|Any CPU.ActiveCfg = Debug|Any CPU
		{EDC74DEA-F7A4-427A-A3AE-C60B0D724B7B}.Debug|Any CPU.Build.0 = Debug|Any CPU
		{EDC74DEA-F7A4-427A-A3AE-C60B0D724B7B}.Release|Any CPU.ActiveCfg = Release|Any CPU
		{EDC74DEA-F7A4-427A-A3AE-C60B0D724B7B}.Release|Any CPU.Build.0 = Release|Any CPU
		{E5A537D8-A8B9-4A65-9695-91FCC1F3438D}.Debug|Any CPU.ActiveCfg = Debug|Any CPU
		{E5A537D8-A8B9-4A65-9695-91FCC1F3438D}.Debug|Any CPU.Build.0 = Debug|Any CPU
		{E5A537D8-A8B9-4A65-9695-91FCC1F3438D}.Release|Any CPU.ActiveCfg = Release|Any CPU
		{E5A537D8-A8B9-4A65-9695-91FCC1F3438D}.Release|Any CPU.Build.0 = Release|Any CPU
		{6DF46A55-442C-41BA-8737-76EF6D9E6555}.Debug|Any CPU.ActiveCfg = Debug|Any CPU
		{6DF46A55-442C-41BA-8737-76EF6D9E6555}.Debug|Any CPU.Build.0 = Debug|Any CPU
		{6DF46A55-442C-41BA-8737-76EF6D9E6555}.Release|Any CPU.ActiveCfg = Release|Any CPU
		{6DF46A55-442C-41BA-8737-76EF6D9E6555}.Release|Any CPU.Build.0 = Release|Any CPU
		{9118DAE5-B782-4BEE-8DA2-E09288A7D42F}.Debug|Any CPU.ActiveCfg = Debug|Any CPU
		{9118DAE5-B782-4BEE-8DA2-E09288A7D42F}.Debug|Any CPU.Build.0 = Debug|Any CPU
		{9118DAE5-B782-4BEE-8DA2-E09288A7D42F}.Release|Any CPU.ActiveCfg = Release|Any CPU
		{9118DAE5-B782-4BEE-8DA2-E09288A7D42F}.Release|Any CPU.Build.0 = Release|Any CPU
	EndGlobalSection
	GlobalSection(SolutionProperties) = preSolution
		HideSolutionNode = FALSE
	EndGlobalSection
	GlobalSection(ExtensibilityGlobals) = postSolution
		SolutionGuid = {57357B89-7BF1-4BC0-8B20-34F4777923CC}
	EndGlobalSection
EndGlobal
